
Microsoft Visual Studio Solution File, Format Version 12.00
# Visual Studio Version 16
VisualStudioVersion = 16.0.31213.239
MinimumVisualStudioVersion = 10.0.40219.1
Project("{FAE04EC0-301F-11D3-BF4B-00C04F79EFBC}") = "CharacterSetInvestigator.WinUI", "WinUI\CharacterSetInvestigator.WinUI.csproj", "{3A19DB18-03C9-4741-BD8F-FFA4C2ECA537}"
EndProject
Global
	GlobalSection(SolutionConfigurationPlatforms) = preSolution
		Debug|Any CPU = Debug|Any CPU
		Release|Any CPU = Release|Any CPU
	EndGlobalSection
	GlobalSection(ProjectConfigurationPlatforms) = postSolution
		{3A19DB18-03C9-4741-BD8F-FFA4C2ECA537}.Debug|Any CPU.ActiveCfg = Debug|Any CPU
		{3A19DB18-03C9-4741-BD8F-FFA4C2ECA537}.Debug|Any CPU.Build.0 = Debug|Any CPU
		{3A19DB18-03C9-4741-BD8F-FFA4C2ECA537}.Release|Any CPU.ActiveCfg = Release|Any CPU
		{3A19DB18-03C9-4741-BD8F-FFA4C2ECA537}.Release|Any CPU.Build.0 = Release|Any CPU
	EndGlobalSection
	GlobalSection(SolutionProperties) = preSolution
		HideSolutionNode = FALSE
	EndGlobalSection
	GlobalSection(ExtensibilityGlobals) = postSolution
		SolutionGuid = {AB94C4E8-5297-4AFB-9130-0F04AF0860B5}
	EndGlobalSection
EndGlobal
